PODS:
  - ARCL (1.3.0)
  - ChameleonFramework/Default (2.1.0)
  - ChameleonFramework/Swift (2.1.0):
    - ChameleonFramework/Default
  - Cosmos (23.0.0)
  - IHProgressHUD (0.1.6)
  - StatusAlert (1.1.1)
  - TransitionButton (0.5.3)

DEPENDENCIES:
  - ARCL
  - ChameleonFramework/Swift (from `https://github.com/wowansm/Chameleon.git`, branch `swift5`)
  - Cosmos (~> 23.0.0)
  - IHProgressHUD (from `https://github.com/Swiftify-Corp/IHProgressHUD.git`)
  - StatusAlert
  - TransitionButton

SPEC REPOS:
  trunk:
    - ARCL
    - Cosmos
    - StatusAlert
    - TransitionButton

EXTERNAL SOURCES:
  ChameleonFramework:
    :branch: swift5
    :git: https://github.com/wowansm/Chameleon.git
  IHProgressHUD:
    :git: https://github.com/Swiftify-Corp/IHProgressHUD.git

CHECKOUT OPTIONS:
  ChameleonFramework:
    :commit: 96d52c36a45847fff60bcff7a58fec1e4bd7390b
    :git: https://github.com/wowansm/Chameleon.git
  IHProgressHUD:
    :commit: 516a4102f01425a3a3d5f7be397986da93ebd09a
    :git: https://github.com/Swiftify-Corp/IHProgressHUD.git

SPEC CHECKSUMS:
  ARCL: db48b6927d6f3f49f29568295ed91c94ab8d4aab
  ChameleonFramework: d21a3cc247abfe5e37609a283a8238b03575cf64
  Cosmos: b5c6a9a637e28a061b54c8f8b1d8529d7d4db73f
  IHProgressHUD: 3f7d9ff28d4c339d50fce7c32daa26ddfefd8703
  StatusAlert: a18ec3c33d36a06d4479c1f2b15ffac67aaf7ab1
  TransitionButton: 36283346e17c64775a1b3bc3a7a72940a367de1f

PODFILE CHECKSUM: d483b36bd0a815f1897fe17aa7d8efeb01b6847d

COCOAPODS: 1.10.1
