PODS:
  - Alamofire (5.4.1)
  - ARCL (1.3.0)
  - ChameleonFramework/Default (2.1.0)
  - ChameleonFramework/Swift (2.1.0):
    - ChameleonFramework/Default
  - Cosmos (23.0.0)
  - GoogleMaps (4.1.0):
    - GoogleMaps/Maps (= 4.1.0)
  - GoogleMaps/Base (4.1.0)
  - GoogleMaps/Maps (4.1.0):
    - GoogleMaps/Base
  - IHProgressHUD (0.1.5)
  - Kingfisher (6.2.1)
  - LookinServer (1.0.0)
  - RxBlocking (6.1.0):
    - RxSwift (= 6.1.0)
  - RxCocoa (6.1.0):
    - RxRelay (= 6.1.0)
    - RxSwift (= 6.1.0)
  - RxRelay (6.1.0):
    - RxSwift (= 6.1.0)
  - RxSwift (6.1.0)
  - StatusAlert (1.1.1)
  - SwiftLint (0.42.0)
  - TransitionButton (0.5.3)

DEPENDENCIES:
  - Alamofire (~> 5.2)
  - ARCL
  - ChameleonFramework/Swift (from `https://github.com/wowansm/Chameleon.git`, branch `swift5`)
  - Cosmos (~> 23.0.0)
  - GoogleMaps
  - IHProgressHUD (from `https://github.com/Swiftify-Corp/IHProgressHUD.git`)
  - Kingfisher (~> 6.0)
  - LookinServer
  - RxBlocking
  - RxCocoa (= 6.1.0)
  - RxSwift (= 6.1.0)
  - StatusAlert
  - SwiftLint
  - TransitionButton

SPEC REPOS:
  trunk:
    - Alamofire
    - ARCL
    - Cosmos
    - GoogleMaps
    - Kingfisher
    - LookinServer
    - RxBlocking
    - RxCocoa
    - RxRelay
    - RxSwift
    - StatusAlert
    - SwiftLint
    - TransitionButton

EXTERNAL SOURCES:
  ChameleonFramework:
    :branch: swift5
    :git: https://github.com/wowansm/Chameleon.git
  IHProgressHUD:
    :git: https://github.com/Swiftify-Corp/IHProgressHUD.git

CHECKOUT OPTIONS:
  ChameleonFramework:
    :commit: 96d52c36a45847fff60bcff7a58fec1e4bd7390b
    :git: https://github.com/wowansm/Chameleon.git
  IHProgressHUD:
    :commit: 84b65368d4c106e785c89ed5a75ba90111633d43
    :git: https://github.com/Swiftify-Corp/IHProgressHUD.git

SPEC CHECKSUMS:
  Alamofire: 2291f7d21ca607c491dd17642e5d40fdcda0e65c
  ARCL: db48b6927d6f3f49f29568295ed91c94ab8d4aab
  ChameleonFramework: d21a3cc247abfe5e37609a283a8238b03575cf64
  Cosmos: b5c6a9a637e28a061b54c8f8b1d8529d7d4db73f
  GoogleMaps: 008e2c80e38605b56b560e8deb73d4194ff30bef
  IHProgressHUD: 554f1e4cb088cf82c238dc1c607f5fadfd81ab89
  Kingfisher: e71c6fac2aebb1262888cabc2cb13d313362a48f
  LookinServer: 0002891cd3cec5e082a910e897dfe71b4f06b89e
  RxBlocking: 602095fba0bce7b16b56ccec89edf780c248b7d9
  RxCocoa: 5c51f02d562cbd94629f6c26cf0c80fe4ab8d343
  RxRelay: 483e1a19fad961b41f0b0c0bee506f46c1ae14fe
  RxSwift: a834e5c538e89eca0cae86f403f4fbf0336786ce
  StatusAlert: a18ec3c33d36a06d4479c1f2b15ffac67aaf7ab1
  SwiftLint: 4fa9579c63416865179bc416f0a92d55f009600d
  TransitionButton: 36283346e17c64775a1b3bc3a7a72940a367de1f

PODFILE CHECKSUM: dae0b8318971ac2292d13b4f02a090120c27f376

COCOAPODS: 1.10.1
