// !$*UTF8*$!
{
	archiveVersion = 1;
	classes = {
	};
	objectVersion = 50;
	objects = {

/* Begin PBXBuildFile section */
		975635712266FDC0009AE63B /* ReviewTableViewCell.swift in Sources */ = {isa = PBXBuildFile; fileRef = 975635702266FDC0009AE63B /* ReviewTableViewCell.swift */; };
		97A49FAA2253569D00DC4B43 /* RestaurantDetail.swift in Sources */ = {isa = PBXBuildFile; fileRef = 97A49FA92253569D00DC4B43 /* RestaurantDetail.swift */; };
		97A49FAE2254DC5A00DC4B43 /* MapCell.swift in Sources */ = {isa = PBXBuildFile; fileRef = 97A49FAD2254DC5A00DC4B43 /* MapCell.swift */; };
		97A6C8E422632FE0002FAA90 /* UIViewController+.swift in Sources */ = {isa = PBXBuildFile; fileRef = 97A6C8E322632FE0002FAA90 /* UIViewController+.swift */; };
		97A6C8F922648CEA002FAA90 /* UIControl+YYAdd.m in Sources */ = {isa = PBXBuildFile; fileRef = 97A6C8F722648CEA002FAA90 /* UIControl+YYAdd.m */; };
		97B718E4226EB9C50010BF33 /* Assets.xcassets in Resources */ = {isa = PBXBuildFile; fileRef = 97B718E3226EB9C50010BF33 /* Assets.xcassets */; };
		97B718E6227061D80010BF33 /* InformationCell.swift in Sources */ = {isa = PBXBuildFile; fileRef = 97B718E5227061D70010BF33 /* InformationCell.swift */; };
		97B718E822706B5C0010BF33 /* DetailViewController.swift in Sources */ = {isa = PBXBuildFile; fileRef = 97B718E722706B5C0010BF33 /* DetailViewController.swift */; };
		97D25680224B1F9C00175E42 /* AppDelegate.swift in Sources */ = {isa = PBXBuildFile; fileRef = 97D2567F224B1F9C00175E42 /* AppDelegate.swift */; };
		97D2568A224B1F9E00175E42 /* LaunchScreen.storyboard in Resources */ = {isa = PBXBuildFile; fileRef = 97D25688224B1F9E00175E42 /* LaunchScreen.storyboard */; };
		97F9D68028B393E800AAE062 /* UIView+.swift in Sources */ = {isa = PBXBuildFile; fileRef = 97A6C8DF22632F2D002FAA90 /* UIView+.swift */; };
		A40CE67C25E6493E00F8BB27 /* Declarative.swift in Sources */ = {isa = PBXBuildFile; fileRef = A40CE67B25E6493E00F8BB27 /* Declarative.swift */; };
		A45D2857261DACD0006FB358 /* Secrets.swift in Sources */ = {isa = PBXBuildFile; fileRef = A45D2856261DACD0006FB358 /* Secrets.swift */; };
		A45D285B261DB66D006FB358 /* SCNNode+.swift in Sources */ = {isa = PBXBuildFile; fileRef = A45D285A261DB66D006FB358 /* SCNNode+.swift */; };
		A45D285F261DB724006FB358 /* CALayer+.swift in Sources */ = {isa = PBXBuildFile; fileRef = A45D285E261DB724006FB358 /* CALayer+.swift */; };
		A45D2865261DB798006FB358 /* UIColor+.swift in Sources */ = {isa = PBXBuildFile; fileRef = A45D2864261DB798006FB358 /* UIColor+.swift */; };
		A45D2869261DB7C6006FB358 /* UINavigationController+statusBarStyle.swift in Sources */ = {isa = PBXBuildFile; fileRef = A45D2868261DB7C6006FB358 /* UINavigationController+statusBarStyle.swift */; };
		A45D292A261DC0B6006FB358 /* String+.swift in Sources */ = {isa = PBXBuildFile; fileRef = A45D2929261DC0B6006FB358 /* String+.swift */; };
		A468426F261481440061C278 /* MainViewModel.swift in Sources */ = {isa = PBXBuildFile; fileRef = A468426E261481440061C278 /* MainViewModel.swift */; };
		A48D4EC1261C33EC00EDB570 /* RestaurantPinView.swift in Sources */ = {isa = PBXBuildFile; fileRef = A48D4EC0261C33EC00EDB570 /* RestaurantPinView.swift */; };
		A48D4EC7261C66EB00EDB570 /* DetailViewModel.swift in Sources */ = {isa = PBXBuildFile; fileRef = A48D4EC6261C66EB00EDB570 /* DetailViewModel.swift */; };
		A495F3F126157180001CD738 /* GooglePlaceService.swift in Sources */ = {isa = PBXBuildFile; fileRef = A495F3F026157180001CD738 /* GooglePlaceService.swift */; };
		A495F3F82615A849001CD738 /* GooglePlacesEnvelope.swift in Sources */ = {isa = PBXBuildFile; fileRef = A495F3F72615A849001CD738 /* GooglePlacesEnvelope.swift */; };
		A495F44C2615D018001CD738 /* PlacesService.swift in Sources */ = {isa = PBXBuildFile; fileRef = A495F44B2615D018001CD738 /* PlacesService.swift */; };
		A4D57B7725E4EEBF00124731 /* NibLessViewController.swift in Sources */ = {isa = PBXBuildFile; fileRef = A4D57B7625E4EEBF00124731 /* NibLessViewController.swift */; };
		A4D57B7A25E4F64C00124731 /* ErrorMessage.swift in Sources */ = {isa = PBXBuildFile; fileRef = A4D57B7925E4F64C00124731 /* ErrorMessage.swift */; };
		A4FCB37C25DE6B03004A41DC /* NiblessView.swift in Sources */ = {isa = PBXBuildFile; fileRef = A4FCB37B25DE6B03004A41DC /* NiblessView.swift */; };
/* End PBXBuildFile section */

/* Begin PBXContainerItemProxy section */
		9701295D28C8A33800E87BFE /* PBXContainerItemProxy */ = {
			isa = PBXContainerItemProxy;
			containerPortal = 97D25674224B1F9C00175E42 /* Project object */;
			proxyType = 1;
			remoteGlobalIDString = 97D2567B224B1F9C00175E42;
			remoteInfo = ARFoodieApp;
		};
/* End PBXContainerItemProxy section */

/* Begin PBXFileReference section */
		9701295928C8A33800E87BFE /* ARFoodieAppTests.xctest */ = {isa = PBXFileReference; explicitFileType = wrapper.cfbundle; includeInIndex = 0; path = ARFoodieAppTests.xctest; sourceTree = BUILT_PRODUCTS_DIR; };
		970230DA225907D600BD8AF2 /* SignUpViewController.swift */ = {isa = PBXFileReference; lastKnownFileType = sourcecode.swift; path = SignUpViewController.swift; sourceTree = "<group>"; };
		97187ABA2251D4F30096E52D /* Main.storyboard */ = {isa = PBXFileReference; fileEncoding = 4; lastKnownFileType = file.storyboard; path = Main.storyboard; sourceTree = "<group>"; };
		9738E835226576B100EA2CBC /* LiveStreamManager.swift */ = {isa = PBXFileReference; lastKnownFileType = sourcecode.swift; path = LiveStreamManager.swift; sourceTree = "<group>"; };
		9738E8372265817F00EA2CBC /* CreateLiveBorcastViewController.swift */ = {isa = PBXFileReference; lastKnownFileType = sourcecode.swift; path = CreateLiveBorcastViewController.swift; sourceTree = "<group>"; };
		9756356E2266E1FF009AE63B /* User.swift */ = {isa = PBXFileReference; lastKnownFileType = sourcecode.swift; path = User.swift; sourceTree = "<group>"; };
		975635702266FDC0009AE63B /* ReviewTableViewCell.swift */ = {isa = PBXFileReference; lastKnownFileType = sourcecode.swift; path = ReviewTableViewCell.swift; sourceTree = "<group>"; };
		9756357222682003009AE63B /* Comment.swift */ = {isa = PBXFileReference; lastKnownFileType = sourcecode.swift; path = Comment.swift; sourceTree = "<group>"; };
		975635792269B677009AE63B /* FirebaseManager.swift */ = {isa = PBXFileReference; lastKnownFileType = sourcecode.swift; path = FirebaseManager.swift; sourceTree = "<group>"; };
		9756357B2269BBBA009AE63B /* ProfileViewController+handlers.swift */ = {isa = PBXFileReference; lastKnownFileType = sourcecode.swift; path = "ProfileViewController+handlers.swift"; sourceTree = "<group>"; };
		97A49FA92253569D00DC4B43 /* RestaurantDetail.swift */ = {isa = PBXFileReference; lastKnownFileType = sourcecode.swift; path = RestaurantDetail.swift; sourceTree = "<group>"; };
		97A49FAB225358AC00DC4B43 /* RestaurantDetailManager.swift */ = {isa = PBXFileReference; lastKnownFileType = sourcecode.swift; path = RestaurantDetailManager.swift; sourceTree = "<group>"; };
		97A49FAD2254DC5A00DC4B43 /* MapCell.swift */ = {isa = PBXFileReference; lastKnownFileType = sourcecode.swift; path = MapCell.swift; sourceTree = "<group>"; };
		97A49FAF22573D4000DC4B43 /* SignInViewController.swift */ = {isa = PBXFileReference; lastKnownFileType = sourcecode.swift; path = SignInViewController.swift; sourceTree = "<group>"; };
		97A6C8DF22632F2D002FAA90 /* UIView+.swift */ = {isa = PBXFileReference; lastKnownFileType = sourcecode.swift; path = "UIView+.swift"; sourceTree = "<group>"; };
		97A6C8E322632FE0002FAA90 /* UIViewController+.swift */ = {isa = PBXFileReference; lastKnownFileType = sourcecode.swift; path = "UIViewController+.swift"; sourceTree = "<group>"; };
		97A6C8E522636253002FAA90 /* TabbarController.swift */ = {isa = PBXFileReference; lastKnownFileType = sourcecode.swift; path = TabbarController.swift; sourceTree = "<group>"; };
		97A6C8E72263895F002FAA90 /* ProfileViewController.swift */ = {isa = PBXFileReference; lastKnownFileType = sourcecode.swift; path = ProfileViewController.swift; sourceTree = "<group>"; };
		97A6C8EF22648C9C002FAA90 /* ARFoodie-Bridging-Header.h */ = {isa = PBXFileReference; lastKnownFileType = sourcecode.c.h; path = "ARFoodie-Bridging-Header.h"; sourceTree = "<group>"; };
		97A6C8F022648C9D002FAA90 /* LFLivePreview.m */ = {isa = PBXFileReference; fileEncoding = 4; lastKnownFileType = sourcecode.c.objc; path = LFLivePreview.m; sourceTree = "<group>"; };
		97A6C8F122648C9E002FAA90 /* LFLivePreview.h */ = {isa = PBXFileReference; fileEncoding = 4; lastKnownFileType = sourcecode.c.h; path = LFLivePreview.h; sourceTree = "<group>"; };
		97A6C8F422648CE8002FAA90 /* UIControl+YYAdd.h */ = {isa = PBXFileReference; fileEncoding = 4; lastKnownFileType = sourcecode.c.h; path = "UIControl+YYAdd.h"; sourceTree = "<group>"; };
		97A6C8F522648CE9002FAA90 /* UIView+YYAdd.h */ = {isa = PBXFileReference; fileEncoding = 4; lastKnownFileType = sourcecode.c.h; path = "UIView+YYAdd.h"; sourceTree = "<group>"; };
		97A6C8F622648CEA002FAA90 /* UIView+YYAdd.m */ = {isa = PBXFileReference; fileEncoding = 4; lastKnownFileType = sourcecode.c.objc; path = "UIView+YYAdd.m"; sourceTree = "<group>"; };
		97A6C8F722648CEA002FAA90 /* UIControl+YYAdd.m */ = {isa = PBXFileReference; fileEncoding = 4; lastKnownFileType = sourcecode.c.objc; path = "UIControl+YYAdd.m"; sourceTree = "<group>"; };
		97A6C8FA22648E17002FAA90 /* LFLiveViewController.swift */ = {isa = PBXFileReference; lastKnownFileType = sourcecode.swift; path = LFLiveViewController.swift; sourceTree = "<group>"; };
		97B718DF226AC3690010BF33 /* CurrentUser.swift */ = {isa = PBXFileReference; lastKnownFileType = sourcecode.swift; path = CurrentUser.swift; sourceTree = "<group>"; };
		97B718E1226C9B150010BF33 /* ErrorHandlers.swift */ = {isa = PBXFileReference; lastKnownFileType = sourcecode.swift; path = ErrorHandlers.swift; sourceTree = "<group>"; };
		97B718E3226EB9C50010BF33 /* Assets.xcassets */ = {isa = PBXFileReference; lastKnownFileType = folder.assetcatalog; path = Assets.xcassets; sourceTree = SOURCE_ROOT; };
		97B718E5227061D70010BF33 /* InformationCell.swift */ = {isa = PBXFileReference; lastKnownFileType = sourcecode.swift; path = InformationCell.swift; sourceTree = "<group>"; };
		97B718E722706B5C0010BF33 /* DetailViewController.swift */ = {isa = PBXFileReference; lastKnownFileType = sourcecode.swift; path = DetailViewController.swift; sourceTree = "<group>"; };
		97B718E9227075AB0010BF33 /* DetailViewController+handlers.swift */ = {isa = PBXFileReference; lastKnownFileType = sourcecode.swift; path = "DetailViewController+handlers.swift"; sourceTree = "<group>"; };
		97CF46C42277F93D0011D5F8 /* zh-Hant */ = {isa = PBXFileReference; lastKnownFileType = text.plist.strings; name = "zh-Hant"; path = "zh-Hant.lproj/LaunchScreen.strings"; sourceTree = "<group>"; };
		97CF46C52278221D0011D5F8 /* ARFoodie.entitlements */ = {isa = PBXFileReference; lastKnownFileType = text.plist.entitlements; path = ARFoodie.entitlements; sourceTree = "<group>"; };
		97CF6FCC22730CEB00E63E5A /* PrivacyPolicyViewController.swift */ = {isa = PBXFileReference; lastKnownFileType = sourcecode.swift; path = PrivacyPolicyViewController.swift; sourceTree = "<group>"; };
		97D2567C224B1F9C00175E42 /* ARFoodieApp.app */ = {isa = PBXFileReference; explicitFileType = wrapper.application; includeInIndex = 0; path = ARFoodieApp.app; sourceTree = BUILT_PRODUCTS_DIR; };
		97D2567F224B1F9C00175E42 /* AppDelegate.swift */ = {isa = PBXFileReference; lastKnownFileType = sourcecode.swift; path = AppDelegate.swift; sourceTree = "<group>"; };
		97D25681224B1F9C00175E42 /* MainARViewController.swift */ = {isa = PBXFileReference; lastKnownFileType = sourcecode.swift; path = MainARViewController.swift; sourceTree = "<group>"; };
		97D25689224B1F9E00175E42 /* Base */ = {isa = PBXFileReference; lastKnownFileType = file.storyboard; name = Base; path = Base.lproj/LaunchScreen.storyboard; sourceTree = "<group>"; };
		97D2568B224B1F9E00175E42 /* Info.plist */ = {isa = PBXFileReference; lastKnownFileType = text.plist.xml; path = Info.plist; sourceTree = "<group>"; };
		97D25696224CB2FD00175E42 /* RestaurantInfoManager.swift */ = {isa = PBXFileReference; lastKnownFileType = sourcecode.swift; path = RestaurantInfoManager.swift; sourceTree = "<group>"; };
		97D25699224CD04F00175E42 /* Portocol.swift */ = {isa = PBXFileReference; lastKnownFileType = sourcecode.swift; path = Portocol.swift; sourceTree = "<group>"; };
		97E610D72273097C00A8C199 /* UserPolicyViewController.swift */ = {isa = PBXFileReference; lastKnownFileType = sourcecode.swift; path = UserPolicyViewController.swift; sourceTree = "<group>"; };
		A40CE67625E647FF00F8BB27 /* SignUpInputField.swift */ = {isa = PBXFileReference; lastKnownFileType = sourcecode.swift; path = SignUpInputField.swift; sourceTree = "<group>"; };
		A40CE67B25E6493E00F8BB27 /* Declarative.swift */ = {isa = PBXFileReference; lastKnownFileType = sourcecode.swift; path = Declarative.swift; sourceTree = "<group>"; };
		A426D73325E4DDCC0082D577 /* SignInViewModel.swift */ = {isa = PBXFileReference; lastKnownFileType = sourcecode.swift; path = SignInViewModel.swift; sourceTree = "<group>"; };
		A427783125E63DE4003F36FB /* SignUpRootView.swift */ = {isa = PBXFileReference; lastKnownFileType = sourcecode.swift; path = SignUpRootView.swift; sourceTree = "<group>"; };
		A45D2856261DACD0006FB358 /* Secrets.swift */ = {isa = PBXFileReference; lastKnownFileType = sourcecode.swift; path = Secrets.swift; sourceTree = "<group>"; };
		A45D285A261DB66D006FB358 /* SCNNode+.swift */ = {isa = PBXFileReference; lastKnownFileType = sourcecode.swift; path = "SCNNode+.swift"; sourceTree = "<group>"; };
		A45D285E261DB724006FB358 /* CALayer+.swift */ = {isa = PBXFileReference; lastKnownFileType = sourcecode.swift; path = "CALayer+.swift"; sourceTree = "<group>"; };
		A45D2864261DB798006FB358 /* UIColor+.swift */ = {isa = PBXFileReference; lastKnownFileType = sourcecode.swift; path = "UIColor+.swift"; sourceTree = "<group>"; };
		A45D2868261DB7C6006FB358 /* UINavigationController+statusBarStyle.swift */ = {isa = PBXFileReference; lastKnownFileType = sourcecode.swift; path = "UINavigationController+statusBarStyle.swift"; sourceTree = "<group>"; };
		A45D2929261DC0B6006FB358 /* String+.swift */ = {isa = PBXFileReference; lastKnownFileType = sourcecode.swift; path = "String+.swift"; sourceTree = "<group>"; };
		A468426E261481440061C278 /* MainViewModel.swift */ = {isa = PBXFileReference; lastKnownFileType = sourcecode.swift; path = MainViewModel.swift; sourceTree = "<group>"; };
		A48D4EC0261C33EC00EDB570 /* RestaurantPinView.swift */ = {isa = PBXFileReference; lastKnownFileType = sourcecode.swift; path = RestaurantPinView.swift; sourceTree = "<group>"; };
		A48D4EC6261C66EB00EDB570 /* DetailViewModel.swift */ = {isa = PBXFileReference; lastKnownFileType = sourcecode.swift; path = DetailViewModel.swift; sourceTree = "<group>"; };
		A495F3F026157180001CD738 /* GooglePlaceService.swift */ = {isa = PBXFileReference; lastKnownFileType = sourcecode.swift; path = GooglePlaceService.swift; sourceTree = "<group>"; };
		A495F3F426157CE0001CD738 /* place_detail.json */ = {isa = PBXFileReference; lastKnownFileType = text.json; path = place_detail.json; sourceTree = "<group>"; };
		A495F3F72615A849001CD738 /* GooglePlacesEnvelope.swift */ = {isa = PBXFileReference; lastKnownFileType = sourcecode.swift; path = GooglePlacesEnvelope.swift; sourceTree = "<group>"; };
		A495F4432615C689001CD738 /* nearby_places.json */ = {isa = PBXFileReference; lastKnownFileType = text.json; path = nearby_places.json; sourceTree = "<group>"; };
		A495F44B2615D018001CD738 /* PlacesService.swift */ = {isa = PBXFileReference; lastKnownFileType = sourcecode.swift; path = PlacesService.swift; sourceTree = "<group>"; };
		A4D57B7625E4EEBF00124731 /* NibLessViewController.swift */ = {isa = PBXFileReference; lastKnownFileType = sourcecode.swift; path = NibLessViewController.swift; sourceTree = "<group>"; };
		A4D57B7925E4F64C00124731 /* ErrorMessage.swift */ = {isa = PBXFileReference; lastKnownFileType = sourcecode.swift; path = ErrorMessage.swift; sourceTree = "<group>"; };
		A4D57B7C25E4FEA300124731 /* SignInView.swift */ = {isa = PBXFileReference; lastKnownFileType = sourcecode.swift; path = SignInView.swift; sourceTree = "<group>"; };
		A4E1A972261331C000C1EC5C /* UIViewCotroller+Rx.swift */ = {isa = PBXFileReference; lastKnownFileType = sourcecode.swift; path = "UIViewCotroller+Rx.swift"; sourceTree = "<group>"; };
		A4FCB37625DE6880004A41DC /* SignInRootView.swift */ = {isa = PBXFileReference; lastKnownFileType = sourcecode.swift; path = SignInRootView.swift; sourceTree = "<group>"; };
		A4FCB37B25DE6B03004A41DC /* NiblessView.swift */ = {isa = PBXFileReference; lastKnownFileType = sourcecode.swift; path = NiblessView.swift; sourceTree = "<group>"; };
/* End PBXFileReference section */

/* Begin PBXFrameworksBuildPhase section */
		9701295628C8A33800E87BFE /* Frameworks */ = {
			isa = PBXFrameworksBuildPhase;
			buildActionMask = 2147483647;
			files = (
			);
			runOnlyForDeploymentPostprocessing = 0;
		};
		97D25679224B1F9C00175E42 /* Frameworks */ = {
			isa = PBXFrameworksBuildPhase;
			buildActionMask = 2147483647;
			files = (
			);
			runOnlyForDeploymentPostprocessing = 0;
		};
/* End PBXFrameworksBuildPhase section */

/* Begin PBXGroup section */
		4A247BB393FA43DF454E13D3 /* Pods */ = {
			isa = PBXGroup;
			children = (
			);
			path = Pods;
			sourceTree = "<group>";
		};
		9701295A28C8A33800E87BFE /* ARFoodieAppTests */ = {
			isa = PBXGroup;
			children = (
			);
			path = ARFoodieAppTests;
			sourceTree = "<group>";
		};
		97686B0B288AFE2C00B0A5BE /* API */ = {
			isa = PBXGroup;
			children = (
				A495F3F72615A849001CD738 /* GooglePlacesEnvelope.swift */,
				A495F44B2615D018001CD738 /* PlacesService.swift */,
				A495F3F026157180001CD738 /* GooglePlaceService.swift */,
			);
			path = API;
			sourceTree = "<group>";
		};
		97686B0C288AFF0D00B0A5BE /* Shared */ = {
			isa = PBXGroup;
			children = (
				97A6C8DE22632E9E002FAA90 /* Extension */,
				A45D2856261DACD0006FB358 /* Secrets.swift */,
				A4D57B7925E4F64C00124731 /* ErrorMessage.swift */,
				A40CE67B25E6493E00F8BB27 /* Declarative.swift */,
				A4D57B7625E4EEBF00124731 /* NibLessViewController.swift */,
				A4FCB37B25DE6B03004A41DC /* NiblessView.swift */,
			);
			path = Shared;
			sourceTree = "<group>";
		};
		97686B0D288B007A00B0A5BE /* ViewModel */ = {
			isa = PBXGroup;
			children = (
				A468426E261481440061C278 /* MainViewModel.swift */,
			);
			path = ViewModel;
			sourceTree = "<group>";
		};
		97686B0E288B00CD00B0A5BE /* Domain */ = {
			isa = PBXGroup;
			children = (
				97A49FA92253569D00DC4B43 /* RestaurantDetail.swift */,
			);
			path = Domain;
			sourceTree = "<group>";
		};
		97686B10288B01DC00B0A5BE /* ViewModel */ = {
			isa = PBXGroup;
			children = (
				A48D4EC6261C66EB00EDB570 /* DetailViewModel.swift */,
			);
			path = ViewModel;
			sourceTree = "<group>";
		};
		97A6C8DB22620F0A002FAA90 /* Cell Controller */ = {
			isa = PBXGroup;
			children = (
			);
			path = "Cell Controller";
			sourceTree = "<group>";
		};
		97A6C8DE22632E9E002FAA90 /* Extension */ = {
			isa = PBXGroup;
			children = (
				97A6C8DF22632F2D002FAA90 /* UIView+.swift */,
				97A6C8E322632FE0002FAA90 /* UIViewController+.swift */,
				A4E1A972261331C000C1EC5C /* UIViewCotroller+Rx.swift */,
				A45D285A261DB66D006FB358 /* SCNNode+.swift */,
				A45D285E261DB724006FB358 /* CALayer+.swift */,
				A45D2864261DB798006FB358 /* UIColor+.swift */,
				A45D2868261DB7C6006FB358 /* UINavigationController+statusBarStyle.swift */,
				A45D2929261DC0B6006FB358 /* String+.swift */,
			);
			path = Extension;
			sourceTree = "<group>";
		};
		97A6C8EB22648BFA002FAA90 /* LFLive */ = {
			isa = PBXGroup;
			children = (
				97A6C8EF22648C9C002FAA90 /* ARFoodie-Bridging-Header.h */,
				97A6C8F122648C9E002FAA90 /* LFLivePreview.h */,
				97A6C8F022648C9D002FAA90 /* LFLivePreview.m */,
				97A6C8FA22648E17002FAA90 /* LFLiveViewController.swift */,
			);
			path = LFLive;
			sourceTree = "<group>";
		};
		97A6C8F322648CD7002FAA90 /* Category */ = {
			isa = PBXGroup;
			children = (
				97A6C8F422648CE8002FAA90 /* UIControl+YYAdd.h */,
				97A6C8F722648CEA002FAA90 /* UIControl+YYAdd.m */,
				97A6C8F522648CE9002FAA90 /* UIView+YYAdd.h */,
				97A6C8F622648CEA002FAA90 /* UIView+YYAdd.m */,
			);
			path = Category;
			sourceTree = "<group>";
		};
		97D25673224B1F9C00175E42 = {
			isa = PBXGroup;
			children = (
				97D2567E224B1F9C00175E42 /* ARFoodieApp */,
				97B718E3226EB9C50010BF33 /* Assets.xcassets */,
				9701295A28C8A33800E87BFE /* ARFoodieAppTests */,
				97D2567D224B1F9C00175E42 /* Products */,
				4A247BB393FA43DF454E13D3 /* Pods */,
			);
			sourceTree = "<group>";
		};
		97D2567D224B1F9C00175E42 /* Products */ = {
			isa = PBXGroup;
			children = (
				97D2567C224B1F9C00175E42 /* ARFoodieApp.app */,
				9701295928C8A33800E87BFE /* ARFoodieAppTests.xctest */,
			);
			name = Products;
			sourceTree = "<group>";
		};
		97D2567E224B1F9C00175E42 /* ARFoodieApp */ = {
			isa = PBXGroup;
			children = (
				97686B0C288AFF0D00B0A5BE /* Shared */,
				A495F3F326157C9F001CD738 /* API Cache */,
				A468426D261481060061C278 /* Main */,
				A48D4EC5261C66CC00EDB570 /* Detail */,
				97CF46C52278221D0011D5F8 /* ARFoodie.entitlements */,
				97D2567F224B1F9C00175E42 /* AppDelegate.swift */,
				97D25692224C9E8B00175E42 /* View */,
				97D2568B224B1F9E00175E42 /* Info.plist */,
				A45D2873261DB861006FB358 /* Legacy */,
			);
			path = ARFoodieApp;
			sourceTree = "<group>";
		};
		97D25691224C9E7800175E42 /* Controller */ = {
			isa = PBXGroup;
			children = (
				97E610D72273097C00A8C199 /* UserPolicyViewController.swift */,
				97CF6FCC22730CEB00E63E5A /* PrivacyPolicyViewController.swift */,
				97A6C8E522636253002FAA90 /* TabbarController.swift */,
				97B718E9227075AB0010BF33 /* DetailViewController+handlers.swift */,
				9738E8372265817F00EA2CBC /* CreateLiveBorcastViewController.swift */,
				97A6C8E72263895F002FAA90 /* ProfileViewController.swift */,
				9756357B2269BBBA009AE63B /* ProfileViewController+handlers.swift */,
				97A6C8EB22648BFA002FAA90 /* LFLive */,
				97A6C8F322648CD7002FAA90 /* Category */,
				97A6C8DB22620F0A002FAA90 /* Cell Controller */,
			);
			path = Controller;
			sourceTree = "<group>";
		};
		97D25692224C9E8B00175E42 /* View */ = {
			isa = PBXGroup;
			children = (
				97D25688224B1F9E00175E42 /* LaunchScreen.storyboard */,
			);
			path = View;
			sourceTree = "<group>";
		};
		A427783025E63DB7003F36FB /* SignUp */ = {
			isa = PBXGroup;
			children = (
				A427783125E63DE4003F36FB /* SignUpRootView.swift */,
				A40CE67625E647FF00F8BB27 /* SignUpInputField.swift */,
				970230DA225907D600BD8AF2 /* SignUpViewController.swift */,
			);
			path = SignUp;
			sourceTree = "<group>";
		};
		A45D2873261DB861006FB358 /* Legacy */ = {
			isa = PBXGroup;
			children = (
				97187ABA2251D4F30096E52D /* Main.storyboard */,
				A45D2874261DB8A8006FB358 /* Model */,
				A4FCB37525DE6819004A41DC /* SignIn */,
				A427783025E63DB7003F36FB /* SignUp */,
				97D25691224C9E7800175E42 /* Controller */,
			);
			path = Legacy;
			sourceTree = "<group>";
		};
		A45D2874261DB8A8006FB358 /* Model */ = {
			isa = PBXGroup;
			children = (
				97B718E1226C9B150010BF33 /* ErrorHandlers.swift */,
				97D25699224CD04F00175E42 /* Portocol.swift */,
				97D25696224CB2FD00175E42 /* RestaurantInfoManager.swift */,
				97A49FAB225358AC00DC4B43 /* RestaurantDetailManager.swift */,
				9738E835226576B100EA2CBC /* LiveStreamManager.swift */,
				975635792269B677009AE63B /* FirebaseManager.swift */,
				9756357222682003009AE63B /* Comment.swift */,
				9756356E2266E1FF009AE63B /* User.swift */,
				97B718DF226AC3690010BF33 /* CurrentUser.swift */,
			);
			path = Model;
			sourceTree = "<group>";
		};
		A468426D261481060061C278 /* Main */ = {
			isa = PBXGroup;
			children = (
				97686B0B288AFE2C00B0A5BE /* API */,
				97686B0D288B007A00B0A5BE /* ViewModel */,
				97D25681224B1F9C00175E42 /* MainARViewController.swift */,
				A48D4EC0261C33EC00EDB570 /* RestaurantPinView.swift */,
			);
			path = Main;
			sourceTree = "<group>";
		};
		A48D4EC5261C66CC00EDB570 /* Detail */ = {
			isa = PBXGroup;
			children = (
				97686B0E288B00CD00B0A5BE /* Domain */,
				97686B10288B01DC00B0A5BE /* ViewModel */,
				97B718E722706B5C0010BF33 /* DetailViewController.swift */,
				97A49FAD2254DC5A00DC4B43 /* MapCell.swift */,
				975635702266FDC0009AE63B /* ReviewTableViewCell.swift */,
				97B718E5227061D70010BF33 /* InformationCell.swift */,
			);
			path = Detail;
			sourceTree = "<group>";
		};
		A495F3F326157C9F001CD738 /* API Cache */ = {
			isa = PBXGroup;
			children = (
				A495F4432615C689001CD738 /* nearby_places.json */,
				A495F3F426157CE0001CD738 /* place_detail.json */,
			);
			path = "API Cache";
			sourceTree = "<group>";
		};
		A4FCB37525DE6819004A41DC /* SignIn */ = {
			isa = PBXGroup;
			children = (
				A4FCB37625DE6880004A41DC /* SignInRootView.swift */,
				97A49FAF22573D4000DC4B43 /* SignInViewController.swift */,
				A426D73325E4DDCC0082D577 /* SignInViewModel.swift */,
				A4D57B7C25E4FEA300124731 /* SignInView.swift */,
			);
			path = SignIn;
			sourceTree = "<group>";
		};
/* End PBXGroup section */

/* Begin PBXNativeTarget section */
		9701295828C8A33800E87BFE /* ARFoodieAppTests */ = {
			isa = PBXNativeTarget;
			buildConfigurationList = 9701295F28C8A33800E87BFE /* Build configuration list for PBXNativeTarget "ARFoodieAppTests" */;
			buildPhases = (
				9701295528C8A33800E87BFE /* Sources */,
				9701295628C8A33800E87BFE /* Frameworks */,
				9701295728C8A33800E87BFE /* Resources */,
			);
			buildRules = (
			);
			dependencies = (
				9701295E28C8A33800E87BFE /* PBXTargetDependency */,
			);
			name = ARFoodieAppTests;
			productName = ARFoodieAppTests;
			productReference = 9701295928C8A33800E87BFE /* ARFoodieAppTests.xctest */;
			productType = "com.apple.product-type.bundle.unit-test";
		};
		97D2567B224B1F9C00175E42 /* ARFoodieApp */ = {
			isa = PBXNativeTarget;
			buildConfigurationList = 97D2568E224B1F9E00175E42 /* Build configuration list for PBXNativeTarget "ARFoodieApp" */;
			buildPhases = (
				97D25678224B1F9C00175E42 /* Sources */,
				97D25679224B1F9C00175E42 /* Frameworks */,
				97D2567A224B1F9C00175E42 /* Resources */,
				97D25698224CBB6C00175E42 /* ShellScript */,
			);
			buildRules = (
			);
			dependencies = (
			);
			name = ARFoodieApp;
			productName = ARFoodie;
			productReference = 97D2567C224B1F9C00175E42 /* ARFoodieApp.app */;
			productType = "com.apple.product-type.application";
		};
/* End PBXNativeTarget section */

/* Begin PBXProject section */
		97D25674224B1F9C00175E42 /* Project object */ = {
			isa = PBXProject;
			attributes = {
				LastSwiftUpdateCheck = 1340;
				LastUpgradeCheck = 1240;
				ORGANIZATIONNAME = "Chen Yi-Wei";
				TargetAttributes = {
					9701295828C8A33800E87BFE = {
						CreatedOnToolsVersion = 13.4.1;
						TestTargetID = 97D2567B224B1F9C00175E42;
					};
					97D2567B224B1F9C00175E42 = {
						CreatedOnToolsVersion = 10.1;
						LastSwiftMigration = 1020;
						SystemCapabilities = {
							com.apple.Push = {
								enabled = 0;
							};
						};
					};
				};
			};
			buildConfigurationList = 97D25677224B1F9C00175E42 /* Build configuration list for PBXProject "ARFoodieApp" */;
			compatibilityVersion = "Xcode 9.3";
			developmentRegion = en;
			hasScannedForEncodings = 0;
			knownRegions = (
				en,
				Base,
				"zh-Hant",
			);
			mainGroup = 97D25673224B1F9C00175E42;
			productRefGroup = 97D2567D224B1F9C00175E42 /* Products */;
			projectDirPath = "";
			projectRoot = "";
			targets = (
				97D2567B224B1F9C00175E42 /* ARFoodieApp */,
				9701295828C8A33800E87BFE /* ARFoodieAppTests */,
			);
		};
/* End PBXProject section */

/* Begin PBXResourcesBuildPhase section */
		9701295728C8A33800E87BFE /* Resources */ = {
			isa = PBXResourcesBuildPhase;
			buildActionMask = 2147483647;
			files = (
			);
			runOnlyForDeploymentPostprocessing = 0;
		};
		97D2567A224B1F9C00175E42 /* Resources */ = {
			isa = PBXResourcesBuildPhase;
			buildActionMask = 2147483647;
			files = (
				97B718E4226EB9C50010BF33 /* Assets.xcassets in Resources */,
				97D2568A224B1F9E00175E42 /* LaunchScreen.storyboard in Resources */,
			);
			runOnlyForDeploymentPostprocessing = 0;
		};
/* End PBXResourcesBuildPhase section */

/* Begin PBXShellScriptBuildPhase section */
		97D25698224CBB6C00175E42 /* ShellScript */ = {
			isa = PBXShellScriptBuildPhase;
			buildActionMask = 2147483647;
			files = (
			);
			inputFileListPaths = (
			);
			inputPaths = (
			);
			outputFileListPaths = (
			);
			outputPaths = (
			);
			runOnlyForDeploymentPostprocessing = 0;
			shellPath = /bin/sh;
			shellScript = "# Type a script or drag a script file from your workspace to insert its path.\n\"${PODS_ROOT}/SwiftLint/swiftlint\"\n";
		};
/* End PBXShellScriptBuildPhase section */

/* Begin PBXSourcesBuildPhase section */
		9701295528C8A33800E87BFE /* Sources */ = {
			isa = PBXSourcesBuildPhase;
			buildActionMask = 2147483647;
			files = (
			);
			runOnlyForDeploymentPostprocessing = 0;
		};
		97D25678224B1F9C00175E42 /* Sources */ = {
			isa = PBXSourcesBuildPhase;
			buildActionMask = 2147483647;
			files = (
				A4FCB37C25DE6B03004A41DC /* NiblessView.swift in Sources */,
				97A6C8F922648CEA002FAA90 /* UIControl+YYAdd.m in Sources */,
				A45D2865261DB798006FB358 /* UIColor+.swift in Sources */,
				97A49FAE2254DC5A00DC4B43 /* MapCell.swift in Sources */,
				A45D2869261DB7C6006FB358 /* UINavigationController+statusBarStyle.swift in Sources */,
				A48D4EC1261C33EC00EDB570 /* RestaurantPinView.swift in Sources */,
				A45D285F261DB724006FB358 /* CALayer+.swift in Sources */,
				A40CE67C25E6493E00F8BB27 /* Declarative.swift in Sources */,
				97A6C8E422632FE0002FAA90 /* UIViewController+.swift in Sources */,
				97A49FAA2253569D00DC4B43 /* RestaurantDetail.swift in Sources */,
				97B718E6227061D80010BF33 /* InformationCell.swift in Sources */,
				975635712266FDC0009AE63B /* ReviewTableViewCell.swift in Sources */,
				A45D285B261DB66D006FB358 /* SCNNode+.swift in Sources */,
				A495F3F126157180001CD738 /* GooglePlaceService.swift in Sources */,
				A48D4EC7261C66EB00EDB570 /* DetailViewModel.swift in Sources */,
				A45D2857261DACD0006FB358 /* Secrets.swift in Sources */,
				97B718E822706B5C0010BF33 /* DetailViewController.swift in Sources */,
				97D25680224B1F9C00175E42 /* AppDelegate.swift in Sources */,
				A4D57B7725E4EEBF00124731 /* NibLessViewController.swift in Sources */,
				97F9D68028B393E800AAE062 /* UIView+.swift in Sources */,
				A495F3F82615A849001CD738 /* GooglePlacesEnvelope.swift in Sources */,
				A45D292A261DC0B6006FB358 /* String+.swift in Sources */,
				A4D57B7A25E4F64C00124731 /* ErrorMessage.swift in Sources */,
				A495F44C2615D018001CD738 /* PlacesService.swift in Sources */,
				A468426F261481440061C278 /* MainViewModel.swift in Sources */,
			);
			runOnlyForDeploymentPostprocessing = 0;
		};
/* End PBXSourcesBuildPhase section */

/* Begin PBXTargetDependency section */
		9701295E28C8A33800E87BFE /* PBXTargetDependency */ = {
			isa = PBXTargetDependency;
			target = 97D2567B224B1F9C00175E42 /* ARFoodieApp */;
			targetProxy = 9701295D28C8A33800E87BFE /* PBXContainerItemProxy */;
		};
/* End PBXTargetDependency section */

/* Begin PBXVariantGroup section */
		97D25688224B1F9E00175E42 /* LaunchScreen.storyboard */ = {
			isa = PBXVariantGroup;
			children = (
				97D25689224B1F9E00175E42 /* Base */,
				97CF46C42277F93D0011D5F8 /* zh-Hant */,
			);
			name = LaunchScreen.storyboard;
			sourceTree = "<group>";
		};
/* End PBXVariantGroup section */

/* Begin XCBuildConfiguration section */
		9701296028C8A33800E87BFE /* Debug */ = {
			isa = XCBuildConfiguration;
			buildSettings = {
				BUNDLE_LOADER = "$(TEST_HOST)";
				CLANG_CXX_LANGUAGE_STANDARD = "gnu++17";
				CODE_SIGN_STYLE = Automatic;
				CURRENT_PROJECT_VERSION = 1;
				DEVELOPMENT_TEAM = V3QMHS4SB9;
				GCC_PREPROCESSOR_DEFINITIONS = (
					"DEBUG=1",
					"$(inherited)",
				);
				GENERATE_INFOPLIST_FILE = YES;
				IPHONEOS_DEPLOYMENT_TARGET = 15.5;
				MARKETING_VERSION = 1.0;
				PRODUCT_BUNDLE_IDENTIFIER = BarryChen.ARFoodieAppTests;
				PRODUCT_NAME = "$(TARGET_NAME)";
				SWIFT_EMIT_LOC_STRINGS = NO;
				SWIFT_VERSION = 5.0;
				TARGETED_DEVICE_FAMILY = "1,2";
				TEST_HOST = "$(BUILT_PRODUCTS_DIR)/ARFoodieApp.app/ARFoodieApp";
			};
			name = Debug;
		};
		9701296128C8A33800E87BFE /* Release */ = {
			isa = XCBuildConfiguration;
			buildSettings = {
				BUNDLE_LOADER = "$(TEST_HOST)";
				CLANG_CXX_LANGUAGE_STANDARD = "gnu++17";
				CODE_SIGN_STYLE = Automatic;
				CURRENT_PROJECT_VERSION = 1;
				DEVELOPMENT_TEAM = V3QMHS4SB9;
				GENERATE_INFOPLIST_FILE = YES;
				IPHONEOS_DEPLOYMENT_TARGET = 15.5;
				MARKETING_VERSION = 1.0;
				PRODUCT_BUNDLE_IDENTIFIER = BarryChen.ARFoodieAppTests;
				PRODUCT_NAME = "$(TARGET_NAME)";
				SWIFT_EMIT_LOC_STRINGS = NO;
				SWIFT_VERSION = 5.0;
				TARGETED_DEVICE_FAMILY = "1,2";
				TEST_HOST = "$(BUILT_PRODUCTS_DIR)/ARFoodieApp.app/ARFoodieApp";
			};
			name = Release;
		};
		97D2568C224B1F9E00175E42 /* Debug */ = {
			isa = XCBuildConfiguration;
			buildSettings = {
				ALWAYS_SEARCH_USER_PATHS = NO;
				CLANG_ANALYZER_LOCALIZABILITY_NONLOCALIZED = YES;
				CLANG_ANALYZER_NONNULL = YES;
				CLANG_ANALYZER_NUMBER_OBJECT_CONVERSION = YES_AGGRESSIVE;
				CLANG_CXX_LANGUAGE_STANDARD = "gnu++14";
				CLANG_CXX_LIBRARY = "libc++";
				CLANG_ENABLE_MODULES = YES;
				CLANG_ENABLE_OBJC_ARC = YES;
				CLANG_ENABLE_OBJC_WEAK = YES;
				CLANG_WARN_BLOCK_CAPTURE_AUTORELEASING = YES;
				CLANG_WARN_BOOL_CONVERSION = YES;
				CLANG_WARN_COMMA = YES;
				CLANG_WARN_CONSTANT_CONVERSION = YES;
				CLANG_WARN_DEPRECATED_OBJC_IMPLEMENTATIONS = YES;
				CLANG_WARN_DIRECT_OBJC_ISA_USAGE = YES_ERROR;
				CLANG_WARN_DOCUMENTATION_COMMENTS = YES;
				CLANG_WARN_EMPTY_BODY = YES;
				CLANG_WARN_ENUM_CONVERSION = YES;
				CLANG_WARN_INFINITE_RECURSION = YES;
				CLANG_WARN_INT_CONVERSION = YES;
				CLANG_WARN_NON_LITERAL_NULL_CONVERSION = YES;
				CLANG_WARN_OBJC_IMPLICIT_RETAIN_SELF = YES;
				CLANG_WARN_OBJC_LITERAL_CONVERSION = YES;
				CLANG_WARN_OBJC_ROOT_CLASS = YES_ERROR;
				CLANG_WARN_QUOTED_INCLUDE_IN_FRAMEWORK_HEADER = YES;
				CLANG_WARN_RANGE_LOOP_ANALYSIS = YES;
				CLANG_WARN_STRICT_PROTOTYPES = YES;
				CLANG_WARN_SUSPICIOUS_MOVE = YES;
				CLANG_WARN_UNGUARDED_AVAILABILITY = YES_AGGRESSIVE;
				CLANG_WARN_UNREACHABLE_CODE = YES;
				CLANG_WARN__DUPLICATE_METHOD_MATCH = YES;
				CODE_SIGN_IDENTITY = "iPhone Developer";
				COPY_PHASE_STRIP = NO;
				DEBUG_INFORMATION_FORMAT = dwarf;
				ENABLE_STRICT_OBJC_MSGSEND = YES;
				ENABLE_TESTABILITY = YES;
				GCC_C_LANGUAGE_STANDARD = gnu11;
				GCC_DYNAMIC_NO_PIC = NO;
				GCC_NO_COMMON_BLOCKS = YES;
				GCC_OPTIMIZATION_LEVEL = 0;
				GCC_PREPROCESSOR_DEFINITIONS = "";
				GCC_WARN_64_TO_32_BIT_CONVERSION = YES;
				GCC_WARN_ABOUT_RETURN_TYPE = YES_ERROR;
				GCC_WARN_UNDECLARED_SELECTOR = YES;
				GCC_WARN_UNINITIALIZED_AUTOS = YES_AGGRESSIVE;
				GCC_WARN_UNUSED_FUNCTION = YES;
				GCC_WARN_UNUSED_VARIABLE = YES;
				IPHONEOS_DEPLOYMENT_TARGET = 14.1;
				MTL_ENABLE_DEBUG_INFO = INCLUDE_SOURCE;
				MTL_FAST_MATH = YES;
				ONLY_ACTIVE_ARCH = YES;
				SDKROOT = iphoneos;
				SWIFT_ACTIVE_COMPILATION_CONDITIONS = DEBUG;
				SWIFT_OPTIMIZATION_LEVEL = "-Onone";
			};
			name = Debug;
		};
		97D2568D224B1F9E00175E42 /* Release */ = {
			isa = XCBuildConfiguration;
			buildSettings = {
				ALWAYS_SEARCH_USER_PATHS = NO;
				CLANG_ANALYZER_LOCALIZABILITY_NONLOCALIZED = YES;
				CLANG_ANALYZER_NONNULL = YES;
				CLANG_ANALYZER_NUMBER_OBJECT_CONVERSION = YES_AGGRESSIVE;
				CLANG_CXX_LANGUAGE_STANDARD = "gnu++14";
				CLANG_CXX_LIBRARY = "libc++";
				CLANG_ENABLE_MODULES = YES;
				CLANG_ENABLE_OBJC_ARC = YES;
				CLANG_ENABLE_OBJC_WEAK = YES;
				CLANG_WARN_BLOCK_CAPTURE_AUTORELEASING = YES;
				CLANG_WARN_BOOL_CONVERSION = YES;
				CLANG_WARN_COMMA = YES;
				CLANG_WARN_CONSTANT_CONVERSION = YES;
				CLANG_WARN_DEPRECATED_OBJC_IMPLEMENTATIONS = YES;
				CLANG_WARN_DIRECT_OBJC_ISA_USAGE = YES_ERROR;
				CLANG_WARN_DOCUMENTATION_COMMENTS = YES;
				CLANG_WARN_EMPTY_BODY = YES;
				CLANG_WARN_ENUM_CONVERSION = YES;
				CLANG_WARN_INFINITE_RECURSION = YES;
				CLANG_WARN_INT_CONVERSION = YES;
				CLANG_WARN_NON_LITERAL_NULL_CONVERSION = YES;
				CLANG_WARN_OBJC_IMPLICIT_RETAIN_SELF = YES;
				CLANG_WARN_OBJC_LITERAL_CONVERSION = YES;
				CLANG_WARN_OBJC_ROOT_CLASS = YES_ERROR;
				CLANG_WARN_QUOTED_INCLUDE_IN_FRAMEWORK_HEADER = YES;
				CLANG_WARN_RANGE_LOOP_ANALYSIS = YES;
				CLANG_WARN_STRICT_PROTOTYPES = YES;
				CLANG_WARN_SUSPICIOUS_MOVE = YES;
				CLANG_WARN_UNGUARDED_AVAILABILITY = YES_AGGRESSIVE;
				CLANG_WARN_UNREACHABLE_CODE = YES;
				CLANG_WARN__DUPLICATE_METHOD_MATCH = YES;
				CODE_SIGN_IDENTITY = "iPhone Developer";
				COPY_PHASE_STRIP = NO;
				DEBUG_INFORMATION_FORMAT = "dwarf-with-dsym";
				ENABLE_NS_ASSERTIONS = NO;
				ENABLE_STRICT_OBJC_MSGSEND = YES;
				GCC_C_LANGUAGE_STANDARD = gnu11;
				GCC_NO_COMMON_BLOCKS = YES;
				GCC_PREPROCESSOR_DEFINITIONS = "";
				GCC_WARN_64_TO_32_BIT_CONVERSION = YES;
				GCC_WARN_ABOUT_RETURN_TYPE = YES_ERROR;
				GCC_WARN_UNDECLARED_SELECTOR = YES;
				GCC_WARN_UNINITIALIZED_AUTOS = YES_AGGRESSIVE;
				GCC_WARN_UNUSED_FUNCTION = YES;
				GCC_WARN_UNUSED_VARIABLE = YES;
				IPHONEOS_DEPLOYMENT_TARGET = 14.1;
				MTL_ENABLE_DEBUG_INFO = NO;
				MTL_FAST_MATH = YES;
				SDKROOT = iphoneos;
				SWIFT_COMPILATION_MODE = wholemodule;
				SWIFT_OPTIMIZATION_LEVEL = "-O";
				VALIDATE_PRODUCT = YES;
			};
			name = Release;
		};
		97D2568F224B1F9E00175E42 /* Debug */ = {
			isa = XCBuildConfiguration;
			buildSettings = {
				ASSETCATALOG_COMPILER_APPICON_NAME = AppIcon;
				CLANG_ENABLE_MODULES = YES;
				CODE_SIGN_IDENTITY = "Apple Development";
				CODE_SIGN_STYLE = Automatic;
				DEBUG_INFORMATION_FORMAT = "dwarf-with-dsym";
				DEVELOPMENT_TEAM = V3QMHS4SB9;
				GCC_PREPROCESSOR_DEFINITIONS = (
					"$(inherited)",
					"COCOAPODS=1",
					"$(inherited)",
					"GPB_USE_PROTOBUF_FRAMEWORK_IMPORTS=1",
					"$(inherited)",
					"PB_FIELD_32BIT=1",
					"PB_NO_PACKED_STRUCTS=1",
					"PB_ENABLE_MALLOC=1",
					"DISABLE_PUSH_NOTIFICATIONS=1",
				);
				INFOPLIST_FILE = ARFoodieApp/Info.plist;
				LD_RUNPATH_SEARCH_PATHS = (
					"$(inherited)",
					"@executable_path/Frameworks",
				);
				PRODUCT_BUNDLE_IDENTIFIER = com.BarryChen.ARFoodie;
				PRODUCT_NAME = "$(TARGET_NAME)";
				PROVISIONING_PROFILE_SPECIFIER = "";
				SWIFT_OBJC_BRIDGING_HEADER = "";
				SWIFT_OPTIMIZATION_LEVEL = "-Onone";
				SWIFT_VERSION = 5.0;
				TARGETED_DEVICE_FAMILY = 1;
			};
			name = Debug;
		};
		97D25690224B1F9E00175E42 /* Release */ = {
			isa = XCBuildConfiguration;
			buildSettings = {
				ASSETCATALOG_COMPILER_APPICON_NAME = AppIcon;
				CLANG_ENABLE_MODULES = YES;
				CODE_SIGN_IDENTITY = "Apple Development";
				CODE_SIGN_STYLE = Automatic;
				DEBUG_INFORMATION_FORMAT = "dwarf-with-dsym";
				DEVELOPMENT_TEAM = V3QMHS4SB9;
				GCC_PREPROCESSOR_DEFINITIONS = (
					"$(inherited)",
					"COCOAPODS=1",
					"$(inherited)",
					"GPB_USE_PROTOBUF_FRAMEWORK_IMPORTS=1",
					"$(inherited)",
					"PB_FIELD_32BIT=1",
					"PB_NO_PACKED_STRUCTS=1",
					"PB_ENABLE_MALLOC=1",
					"DISABLE_PUSH_NOTIFICATIONS=1",
				);
				INFOPLIST_FILE = ARFoodieApp/Info.plist;
				LD_RUNPATH_SEARCH_PATHS = (
					"$(inherited)",
					"@executable_path/Frameworks",
				);
				PRODUCT_BUNDLE_IDENTIFIER = com.BarryChen.ARFoodie;
				PRODUCT_NAME = "$(TARGET_NAME)";
				PROVISIONING_PROFILE_SPECIFIER = "";
				SWIFT_OBJC_BRIDGING_HEADER = "";
				SWIFT_VERSION = 5.0;
				TARGETED_DEVICE_FAMILY = 1;
			};
			name = Release;
		};
/* End XCBuildConfiguration section */

/* Begin XCConfigurationList section */
		9701295F28C8A33800E87BFE /* Build configuration list for PBXNativeTarget "ARFoodieAppTests" */ = {
			isa = XCConfigurationList;
			buildConfigurations = (
				9701296028C8A33800E87BFE /* Debug */,
				9701296128C8A33800E87BFE /* Release */,
			);
			defaultConfigurationIsVisible = 0;
			defaultConfigurationName = Release;
		};
		97D25677224B1F9C00175E42 /* Build configuration list for PBXProject "ARFoodieApp" */ = {
			isa = XCConfigurationList;
			buildConfigurations = (
				97D2568C224B1F9E00175E42 /* Debug */,
				97D2568D224B1F9E00175E42 /* Release */,
			);
			defaultConfigurationIsVisible = 0;
			defaultConfigurationName = Release;
		};
		97D2568E224B1F9E00175E42 /* Build configuration list for PBXNativeTarget "ARFoodieApp" */ = {
			isa = XCConfigurationList;
			buildConfigurations = (
				97D2568F224B1F9E00175E42 /* Debug */,
				97D25690224B1F9E00175E42 /* Release */,
			);
			defaultConfigurationIsVisible = 0;
			defaultConfigurationName = Release;
		};
/* End XCConfigurationList section */
	};
	rootObject = 97D25674224B1F9C00175E42 /* Project object */;
}
